
Microsoft Visual Studio Solution File, Format Version 12.00
# Visual Studio Version 17
VisualStudioVersion = 17.4.33122.133
MinimumVisualStudioVersion = 10.0.40219.1
Project("{FAE04EC0-301F-11D3-BF4B-00C04F79EFBC}") = "SintLeoPannenkoeken", "SintLeoPannenkoeken\SintLeoPannenkoeken.csproj", "{76F64643-1C0F-41B6-8C59-3CB3778F90C9}"
EndProject
Global
	GlobalSection(SolutionConfigurationPlatforms) = preSolution
		Debug|Any CPU = Debug|Any CPU
		Release|Any CPU = Release|Any CPU
	EndGlobalSection
	GlobalSection(ProjectConfigurationPlatforms) = postSolution
		{76F64643-1C0F-41B6-8C59-3CB3778F90C9}.Debug|Any CPU.ActiveCfg = Debug|Any CPU
		{76F64643-1C0F-41B6-8C59-3CB3778F90C9}.Debug|Any CPU.Build.0 = Debug|Any CPU
		{76F64643-1C0F-41B6-8C59-3CB3778F90C9}.Release|Any CPU.ActiveCfg = Release|Any CPU
		{76F64643-1C0F-41B6-8C59-3CB3778F90C9}.Release|Any CPU.Build.0 = Release|Any CPU
	EndGlobalSection
	GlobalSection(SolutionProperties) = preSolution
		HideSolutionNode = FALSE
	EndGlobalSection
	GlobalSection(ExtensibilityGlobals) = postSolution
		SolutionGuid = {C8F39C8A-9687-43F2-82A9-875B8CA4682A}
	EndGlobalSection
EndGlobal
