
Microsoft Visual Studio Solution File, Format Version 12.00
# Visual Studio Version 17
VisualStudioVersion = 17.4.33122.133
MinimumVisualStudioVersion = 10.0.40219.1
Project("{9A19103F-16F7-4668-BE54-9A1E7A4F7556}") = "SintLeoPannenkoeken", "SintLeoPannenkoeken\SintLeoPannenkoeken.csproj", "{76F64643-1C0F-41B6-8C59-3CB3778F90C9}"
EndProject
Project("{2150E333-8FDC-42A3-9474-1A3956D46DE8}") = "Solution Items", "Solution Items", "{A9D9C944-9E02-497C-B095-5D252F6D8FF8}"
	ProjectSection(SolutionItems) = preProject
		README.md = README.md
		.github\workflows\SintLeoPannenkoeken.yml = .github\workflows\SintLeoPannenkoeken.yml
	EndProjectSection
EndProject
Project("{FAE04EC0-301F-11D3-BF4B-00C04F79EFBC}") = "SintLeoPannenkoeken.Blazor", "SintLeoPannenkoeken.Blazor\SintLeoPannenkoeken.Blazor\SintLeoPannenkoeken.Blazor.csproj", "{4C66CEAC-554F-A5E0-2D50-E4A0848D7910}"
EndProject
Project("{FAE04EC0-301F-11D3-BF4B-00C04F79EFBC}") = "SintLeoPannenkoeken.Blazor.Client", "SintLeoPannenkoeken.Blazor\SintLeoPannenkoeken.Blazor.Client\SintLeoPannenkoeken.Blazor.Client.csproj", "{393AC023-79E9-C2B6-F8B8-5CCD39C27272}"
EndProject
Project("{FAE04EC0-301F-11D3-BF4B-00C04F79EFBC}") = "SintLeoPannenkoeken.AppHost", "SintLeoPannenkoeken.AppHost\SintLeoPannenkoeken.AppHost.csproj", "{B07A054F-963A-4788-B7E5-0FA17539286C}"
EndProject
Project("{FAE04EC0-301F-11D3-BF4B-00C04F79EFBC}") = "SintLeoPannenkoeken.ServiceDefaults", "SintLeoPannenkoeken.ServiceDefaults\SintLeoPannenkoeken.ServiceDefaults.csproj", "{ABE57985-75DA-7676-3630-9E02DA15EE70}"
EndProject
Project("{FAE04EC0-301F-11D3-BF4B-00C04F79EFBC}") = "SintLeoPannenkoeken.Blazor.Tests", "SintLeoPannenkoeken.Blazor.Tests\SintLeoPannenkoeken.Blazor.Tests.csproj", "{FAE7F540-78C5-444B-93D8-29F8C3663E53}"
EndProject
Global
	GlobalSection(SolutionConfigurationPlatforms) = preSolution
		Debug|Any CPU = Debug|Any CPU
		Release|Any CPU = Release|Any CPU
	EndGlobalSection
	GlobalSection(ProjectConfigurationPlatforms) = postSolution
		{76F64643-1C0F-41B6-8C59-3CB3778F90C9}.Debug|Any CPU.ActiveCfg = Debug|Any CPU
		{76F64643-1C0F-41B6-8C59-3CB3778F90C9}.Debug|Any CPU.Build.0 = Debug|Any CPU
		{76F64643-1C0F-41B6-8C59-3CB3778F90C9}.Release|Any CPU.ActiveCfg = Release|Any CPU
		{76F64643-1C0F-41B6-8C59-3CB3778F90C9}.Release|Any CPU.Build.0 = Release|Any CPU
		{4C66CEAC-554F-A5E0-2D50-E4A0848D7910}.Debug|Any CPU.ActiveCfg = Debug|Any CPU
		{4C66CEAC-554F-A5E0-2D50-E4A0848D7910}.Debug|Any CPU.Build.0 = Debug|Any CPU
		{4C66CEAC-554F-A5E0-2D50-E4A0848D7910}.Release|Any CPU.ActiveCfg = Release|Any CPU
		{4C66CEAC-554F-A5E0-2D50-E4A0848D7910}.Release|Any CPU.Build.0 = Release|Any CPU
		{393AC023-79E9-C2B6-F8B8-5CCD39C27272}.Debug|Any CPU.ActiveCfg = Debug|Any CPU
		{393AC023-79E9-C2B6-F8B8-5CCD39C27272}.Debug|Any CPU.Build.0 = Debug|Any CPU
		{393AC023-79E9-C2B6-F8B8-5CCD39C27272}.Release|Any CPU.ActiveCfg = Release|Any CPU
		{393AC023-79E9-C2B6-F8B8-5CCD39C27272}.Release|Any CPU.Build.0 = Release|Any CPU
		{B07A054F-963A-4788-B7E5-0FA17539286C}.Debug|Any CPU.ActiveCfg = Debug|Any CPU
		{B07A054F-963A-4788-B7E5-0FA17539286C}.Debug|Any CPU.Build.0 = Debug|Any CPU
		{B07A054F-963A-4788-B7E5-0FA17539286C}.Release|Any CPU.ActiveCfg = Release|Any CPU
		{B07A054F-963A-4788-B7E5-0FA17539286C}.Release|Any CPU.Build.0 = Release|Any CPU
		{ABE57985-75DA-7676-3630-9E02DA15EE70}.Debug|Any CPU.ActiveCfg = Debug|Any CPU
		{ABE57985-75DA-7676-3630-9E02DA15EE70}.Debug|Any CPU.Build.0 = Debug|Any CPU
		{ABE57985-75DA-7676-3630-9E02DA15EE70}.Release|Any CPU.ActiveCfg = Release|Any CPU
		{ABE57985-75DA-7676-3630-9E02DA15EE70}.Release|Any CPU.Build.0 = Release|Any CPU
		{FAE7F540-78C5-444B-93D8-29F8C3663E53}.Debug|Any CPU.ActiveCfg = Debug|Any CPU
		{FAE7F540-78C5-444B-93D8-29F8C3663E53}.Debug|Any CPU.Build.0 = Debug|Any CPU
		{FAE7F540-78C5-444B-93D8-29F8C3663E53}.Release|Any CPU.ActiveCfg = Release|Any CPU
		{FAE7F540-78C5-444B-93D8-29F8C3663E53}.Release|Any CPU.Build.0 = Release|Any CPU
	EndGlobalSection
	GlobalSection(SolutionProperties) = preSolution
		HideSolutionNode = FALSE
	EndGlobalSection
	GlobalSection(ExtensibilityGlobals) = postSolution
		SolutionGuid = {C8F39C8A-9687-43F2-82A9-875B8CA4682A}
	EndGlobalSection
EndGlobal
